// !$*UTF8*$!
{
	archiveVersion = 1;
	classes = {
	};
	objectVersion = 56;
	objects = {

/* Begin PBXBuildFile section */
		4DC2C9A22A4883C400F6A89C /* AppDelegate.swift in Sources */ = {isa = PBXBuildFile; fileRef = 4DC2C9A12A4883C400F6A89C /* AppDelegate.swift */; };
		4DC2C9A42A4883C400F6A89C /* SceneDelegate.swift in Sources */ = {isa = PBXBuildFile; fileRef = 4DC2C9A32A4883C400F6A89C /* SceneDelegate.swift */; };
		4DC2C9A62A4883C400F6A89C /* ViewController.swift in Sources */ = {isa = PBXBuildFile; fileRef = 4DC2C9A52A4883C400F6A89C /* ViewController.swift */; };
		4DC2C9A92A4883C400F6A89C /* Main.storyboard in Resources */ = {isa = PBXBuildFile; fileRef = 4DC2C9A72A4883C400F6A89C /* Main.storyboard */; };
		4DC2C9AB2A4883C500F6A89C /* Assets.xcassets in Resources */ = {isa = PBXBuildFile; fileRef = 4DC2C9AA2A4883C500F6A89C /* Assets.xcassets */; };
		4DC2C9AE2A4883C500F6A89C /* LaunchScreen.storyboard in Resources */ = {isa = PBXBuildFile; fileRef = 4DC2C9AC2A4883C500F6A89C /* LaunchScreen.storyboard */; };
		4DC2C9B92A4883C500F6A89C /* Weekly_Task_1Tests.swift in Sources */ = {isa = PBXBuildFile; fileRef = 4DC2C9B82A4883C500F6A89C /* Weekly_Task_1Tests.swift */; };
		4DC2C9C32A4883C500F6A89C /* Weekly_Task_1UITests.swift in Sources */ = {isa = PBXBuildFile; fileRef = 4DC2C9C22A4883C500F6A89C /* Weekly_Task_1UITests.swift */; };
		4DC2C9C52A4883C500F6A89C /* Weekly_Task_1UITestsLaunchTests.swift in Sources */ = {isa = PBXBuildFile; fileRef = 4DC2C9C42A4883C500F6A89C /* Weekly_Task_1UITestsLaunchTests.swift */; };
/* End PBXBuildFile section */

/* Begin PBXContainerItemProxy section */
		4DC2C9B52A4883C500F6A89C /* PBXContainerItemProxy */ = {
			isa = PBXContainerItemProxy;
			containerPortal = 4DC2C9962A4883C400F6A89C /* Project object */;
			proxyType = 1;
			remoteGlobalIDString = 4DC2C99D2A4883C400F6A89C;
			remoteInfo = "Weekly Task-1";
		};
		4DC2C9BF2A4883C500F6A89C /* PBXContainerItemProxy */ = {
			isa = PBXContainerItemProxy;
			containerPortal = 4DC2C9962A4883C400F6A89C /* Project object */;
			proxyType = 1;
			remoteGlobalIDString = 4DC2C99D2A4883C400F6A89C;
			remoteInfo = "Weekly Task-1";
		};
/* End PBXContainerItemProxy section */

/* Begin PBXFileReference section */
		4DC2C99E2A4883C400F6A89C /* Weekly Task-1.app */ = {isa = PBXFileReference; explicitFileType = wrapper.application; includeInIndex = 0; path = "Weekly Task-1.app"; sourceTree = BUILT_PRODUCTS_DIR; };
		4DC2C9A12A4883C400F6A89C /* AppDelegate.swift */ = {isa = PBXFileReference; lastKnownFileType = sourcecode.swift; path = AppDelegate.swift; sourceTree = "<group>"; };
		4DC2C9A32A4883C400F6A89C /* SceneDelegate.swift */ = {isa = PBXFileReference; lastKnownFileType = sourcecode.swift; path = SceneDelegate.swift; sourceTree = "<group>"; };
		4DC2C9A52A4883C400F6A89C /* ViewController.swift */ = {isa = PBXFileReference; lastKnownFileType = sourcecode.swift; path = ViewController.swift; sourceTree = "<group>"; };
		4DC2C9A82A4883C400F6A89C /* Base */ = {isa = PBXFileReference; lastKnownFileType = file.storyboard; name = Base; path = Base.lproj/Main.storyboard; sourceTree = "<group>"; };
		4DC2C9AA2A4883C500F6A89C /* Assets.xcassets */ = {isa = PBXFileReference; lastKnownFileType = folder.assetcatalog; path = Assets.xcassets; sourceTree = "<group>"; };
		4DC2C9AD2A4883C500F6A89C /* Base */ = {isa = PBXFileReference; lastKnownFileType = file.storyboard; name = Base; path = Base.lproj/LaunchScreen.storyboard; sourceTree = "<group>"; };
		4DC2C9AF2A4883C500F6A89C /* Info.plist */ = {isa = PBXFileReference; lastKnownFileType = text.plist.xml; path = Info.plist; sourceTree = "<group>"; };
		4DC2C9B42A4883C500F6A89C /* Weekly Task-1Tests.xctest */ = {isa = PBXFileReference; explicitFileType = wrapper.cfbundle; includeInIndex = 0; path = "Weekly Task-1Tests.xctest"; sourceTree = BUILT_PRODUCTS_DIR; };
		4DC2C9B82A4883C500F6A89C /* Weekly_Task_1Tests.swift */ = {isa = PBXFileReference; lastKnownFileType = sourcecode.swift; path = Weekly_Task_1Tests.swift; sourceTree = "<group>"; };
		4DC2C9BE2A4883C500F6A89C /* Weekly Task-1UITests.xctest */ = {isa = PBXFileReference; explicitFileType = wrapper.cfbundle; includeInIndex = 0; path = "Weekly Task-1UITests.xctest"; sourceTree = BUILT_PRODUCTS_DIR; };
		4DC2C9C22A4883C500F6A89C /* Weekly_Task_1UITests.swift */ = {isa = PBXFileReference; lastKnownFileType = sourcecode.swift; path = Weekly_Task_1UITests.swift; sourceTree = "<group>"; };
		4DC2C9C42A4883C500F6A89C /* Weekly_Task_1UITestsLaunchTests.swift */ = {isa = PBXFileReference; lastKnownFileType = sourcecode.swift; path = Weekly_Task_1UITestsLaunchTests.swift; sourceTree = "<group>"; };
/* End PBXFileReference section */

/* Begin PBXFrameworksBuildPhase section */
		4DC2C99B2A4883C400F6A89C /* Frameworks */ = {
			isa = PBXFrameworksBuildPhase;
			buildActionMask = 2147483647;
			files = (
			);
			runOnlyForDeploymentPostprocessing = 0;
		};
		4DC2C9B12A4883C500F6A89C /* Frameworks */ = {
			isa = PBXFrameworksBuildPhase;
			buildActionMask = 2147483647;
			files = (
			);
			runOnlyForDeploymentPostprocessing = 0;
		};
		4DC2C9BB2A4883C500F6A89C /* Frameworks */ = {
			isa = PBXFrameworksBuildPhase;
			buildActionMask = 2147483647;
			files = (
			);
			runOnlyForDeploymentPostprocessing = 0;
		};
/* End PBXFrameworksBuildPhase section */

/* Begin PBXGroup section */
		4DC2C9952A4883C400F6A89C = {
			isa = PBXGroup;
			children = (
				4DC2C9A02A4883C400F6A89C /* Weekly Task-1 */,
				4DC2C9B72A4883C500F6A89C /* Weekly Task-1Tests */,
				4DC2C9C12A4883C500F6A89C /* Weekly Task-1UITests */,
				4DC2C99F2A4883C400F6A89C /* Products */,
			);
			sourceTree = "<group>";
		};
		4DC2C99F2A4883C400F6A89C /* Products */ = {
			isa = PBXGroup;
			children = (
				4DC2C99E2A4883C400F6A89C /* Weekly Task-1.app */,
				4DC2C9B42A4883C500F6A89C /* Weekly Task-1Tests.xctest */,
				4DC2C9BE2A4883C500F6A89C /* Weekly Task-1UITests.xctest */,
			);
			name = Products;
			sourceTree = "<group>";
		};
		4DC2C9A02A4883C400F6A89C /* Weekly Task-1 */ = {
			isa = PBXGroup;
			children = (
				4DC2C9A12A4883C400F6A89C /* AppDelegate.swift */,
				4DC2C9A32A4883C400F6A89C /* SceneDelegate.swift */,
				4DC2C9A52A4883C400F6A89C /* ViewController.swift */,
				4DC2C9A72A4883C400F6A89C /* Main.storyboard */,
				4DC2C9AA2A4883C500F6A89C /* Assets.xcassets */,
				4DC2C9AC2A4883C500F6A89C /* LaunchScreen.storyboard */,
				4DC2C9AF2A4883C500F6A89C /* Info.plist */,
			);
			path = "Weekly Task-1";
			sourceTree = "<group>";
		};
		4DC2C9B72A4883C500F6A89C /* Weekly Task-1Tests */ = {
			isa = PBXGroup;
			children = (
				4DC2C9B82A4883C500F6A89C /* Weekly_Task_1Tests.swift */,
			);
			path = "Weekly Task-1Tests";
			sourceTree = "<group>";
		};
		4DC2C9C12A4883C500F6A89C /* Weekly Task-1UITests */ = {
			isa = PBXGroup;
			children = (
				4DC2C9C22A4883C500F6A89C /* Weekly_Task_1UITests.swift */,
				4DC2C9C42A4883C500F6A89C /* Weekly_Task_1UITestsLaunchTests.swift */,
			);
			path = "Weekly Task-1UITests";
			sourceTree = "<group>";
		};
/* End PBXGroup section */

/* Begin PBXNativeTarget section */
		4DC2C99D2A4883C400F6A89C /* Weekly Task-1 */ = {
			isa = PBXNativeTarget;
			buildConfigurationList = 4DC2C9C82A4883C500F6A89C /* Build configuration list for PBXNativeTarget "Weekly Task-1" */;
			buildPhases = (
				4DC2C99A2A4883C400F6A89C /* Sources */,
				4DC2C99B2A4883C400F6A89C /* Frameworks */,
				4DC2C99C2A4883C400F6A89C /* Resources */,
			);
			buildRules = (
			);
			dependencies = (
			);
			name = "Weekly Task-1";
			productName = "Weekly Task-1";
			productReference = 4DC2C99E2A4883C400F6A89C /* Weekly Task-1.app */;
			productType = "com.apple.product-type.application";
		};
		4DC2C9B32A4883C500F6A89C /* Weekly Task-1Tests */ = {
			isa = PBXNativeTarget;
			buildConfigurationList = 4DC2C9CB2A4883C500F6A89C /* Build configuration list for PBXNativeTarget "Weekly Task-1Tests" */;
			buildPhases = (
				4DC2C9B02A4883C500F6A89C /* Sources */,
				4DC2C9B12A4883C500F6A89C /* Frameworks */,
				4DC2C9B22A4883C500F6A89C /* Resources */,
			);
			buildRules = (
			);
			dependencies = (
				4DC2C9B62A4883C500F6A89C /* PBXTargetDependency */,
			);
			name = "Weekly Task-1Tests";
			productName = "Weekly Task-1Tests";
			productReference = 4DC2C9B42A4883C500F6A89C /* Weekly Task-1Tests.xctest */;
			productType = "com.apple.product-type.bundle.unit-test";
		};
		4DC2C9BD2A4883C500F6A89C /* Weekly Task-1UITests */ = {
			isa = PBXNativeTarget;
			buildConfigurationList = 4DC2C9CE2A4883C500F6A89C /* Build configuration list for PBXNativeTarget "Weekly Task-1UITests" */;
			buildPhases = (
				4DC2C9BA2A4883C500F6A89C /* Sources */,
				4DC2C9BB2A4883C500F6A89C /* Frameworks */,
				4DC2C9BC2A4883C500F6A89C /* Resources */,
			);
			buildRules = (
			);
			dependencies = (
				4DC2C9C02A4883C500F6A89C /* PBXTargetDependency */,
			);
			name = "Weekly Task-1UITests";
			productName = "Weekly Task-1UITests";
			productReference = 4DC2C9BE2A4883C500F6A89C /* Weekly Task-1UITests.xctest */;
			productType = "com.apple.product-type.bundle.ui-testing";
		};
/* End PBXNativeTarget section */

/* Begin PBXProject section */
		4DC2C9962A4883C400F6A89C /* Project object */ = {
			isa = PBXProject;
			attributes = {
				BuildIndependentTargetsInParallel = 1;
				LastSwiftUpdateCheck = 1430;
				LastUpgradeCheck = 1430;
				TargetAttributes = {
					4DC2C99D2A4883C400F6A89C = {
						CreatedOnToolsVersion = 14.3.1;
					};
					4DC2C9B32A4883C500F6A89C = {
						CreatedOnToolsVersion = 14.3.1;
						TestTargetID = 4DC2C99D2A4883C400F6A89C;
					};
					4DC2C9BD2A4883C500F6A89C = {
						CreatedOnToolsVersion = 14.3.1;
						TestTargetID = 4DC2C99D2A4883C400F6A89C;
					};
				};
			};
			buildConfigurationList = 4DC2C9992A4883C400F6A89C /* Build configuration list for PBXProject "Weekly Task-1" */;
			compatibilityVersion = "Xcode 14.0";
			developmentRegion = en;
			hasScannedForEncodings = 0;
			knownRegions = (
				en,
				Base,
			);
			mainGroup = 4DC2C9952A4883C400F6A89C;
			productRefGroup = 4DC2C99F2A4883C400F6A89C /* Products */;
			projectDirPath = "";
			projectRoot = "";
			targets = (
				4DC2C99D2A4883C400F6A89C /* Weekly Task-1 */,
				4DC2C9B32A4883C500F6A89C /* Weekly Task-1Tests */,
				4DC2C9BD2A4883C500F6A89C /* Weekly Task-1UITests */,
			);
		};
/* End PBXProject section */

/* Begin PBXResourcesBuildPhase section */
		4DC2C99C2A4883C400F6A89C /* Resources */ = {
			isa = PBXResourcesBuildPhase;
			buildActionMask = 2147483647;
			files = (
				4DC2C9AE2A4883C500F6A89C /* LaunchScreen.storyboard in Resources */,
				4DC2C9AB2A4883C500F6A89C /* Assets.xcassets in Resources */,
				4DC2C9A92A4883C400F6A89C /* Main.storyboard in Resources */,
			);
			runOnlyForDeploymentPostprocessing = 0;
		};
		4DC2C9B22A4883C500F6A89C /* Resources */ = {
			isa = PBXResourcesBuildPhase;
			buildActionMask = 2147483647;
			files = (
			);
			runOnlyForDeploymentPostprocessing = 0;
		};
		4DC2C9BC2A4883C500F6A89C /* Resources */ = {
			isa = PBXResourcesBuildPhase;
			buildActionMask = 2147483647;
			files = (
			);
			runOnlyForDeploymentPostprocessing = 0;
		};
/* End PBXResourcesBuildPhase section */

/* Begin PBXSourcesBuildPhase section */
		4DC2C99A2A4883C400F6A89C /* Sources */ = {
			isa = PBXSourcesBuildPhase;
			buildActionMask = 2147483647;
			files = (
				4DC2C9A62A4883C400F6A89C /* ViewController.swift in Sources */,
				4DC2C9A22A4883C400F6A89C /* AppDelegate.swift in Sources */,
				4DC2C9A42A4883C400F6A89C /* SceneDelegate.swift in Sources */,
			);
			runOnlyForDeploymentPostprocessing = 0;
		};
		4DC2C9B02A4883C500F6A89C /* Sources */ = {
			isa = PBXSourcesBuildPhase;
			buildActionMask = 2147483647;
			files = (
				4DC2C9B92A4883C500F6A89C /* Weekly_Task_1Tests.swift in Sources */,
			);
			runOnlyForDeploymentPostprocessing = 0;
		};
		4DC2C9BA2A4883C500F6A89C /* Sources */ = {
			isa = PBXSourcesBuildPhase;
			buildActionMask = 2147483647;
			files = (
				4DC2C9C52A4883C500F6A89C /* Weekly_Task_1UITestsLaunchTests.swift in Sources */,
				4DC2C9C32A4883C500F6A89C /* Weekly_Task_1UITests.swift in Sources */,
			);
			runOnlyForDeploymentPostprocessing = 0;
		};
/* End PBXSourcesBuildPhase section */

/* Begin PBXTargetDependency section */
		4DC2C9B62A4883C500F6A89C /* PBXTargetDependency */ = {
			isa = PBXTargetDependency;
			target = 4DC2C99D2A4883C400F6A89C /* Weekly Task-1 */;
			targetProxy = 4DC2C9B52A4883C500F6A89C /* PBXContainerItemProxy */;
		};
		4DC2C9C02A4883C500F6A89C /* PBXTargetDependency */ = {
			isa = PBXTargetDependency;
			target = 4DC2C99D2A4883C400F6A89C /* Weekly Task-1 */;
			targetProxy = 4DC2C9BF2A4883C500F6A89C /* PBXContainerItemProxy */;
		};
/* End PBXTargetDependency section */

/* Begin PBXVariantGroup section */
		4DC2C9A72A4883C400F6A89C /* Main.storyboard */ = {
			isa = PBXVariantGroup;
			children = (
				4DC2C9A82A4883C400F6A89C /* Base */,
			);
			name = Main.storyboard;
			sourceTree = "<group>";
		};
		4DC2C9AC2A4883C500F6A89C /* LaunchScreen.storyboard */ = {
			isa = PBXVariantGroup;
			children = (
				4DC2C9AD2A4883C500F6A89C /* Base */,
			);
			name = LaunchScreen.storyboard;
			sourceTree = "<group>";
		};
/* End PBXVariantGroup section */

/* Begin XCBuildConfiguration section */
		4DC2C9C62A4883C500F6A89C /* Debug */ = {
			isa = XCBuildConfiguration;
			buildSettings = {
				ALWAYS_SEARCH_USER_PATHS = NO;
				CLANG_ANALYZER_NONNULL = YES;
				CLANG_ANALYZER_NUMBER_OBJECT_CONVERSION = YES_AGGRESSIVE;
				CLANG_CXX_LANGUAGE_STANDARD = "gnu++20";
				CLANG_ENABLE_MODULES = YES;
				CLANG_ENABLE_OBJC_ARC = YES;
				CLANG_ENABLE_OBJC_WEAK = YES;
				CLANG_WARN_BLOCK_CAPTURE_AUTORELEASING = YES;
				CLANG_WARN_BOOL_CONVERSION = YES;
				CLANG_WARN_COMMA = YES;
				CLANG_WARN_CONSTANT_CONVERSION = YES;
				CLANG_WARN_DEPRECATED_OBJC_IMPLEMENTATIONS = YES;
				CLANG_WARN_DIRECT_OBJC_ISA_USAGE = YES_ERROR;
				CLANG_WARN_DOCUMENTATION_COMMENTS = YES;
				CLANG_WARN_EMPTY_BODY = YES;
				CLANG_WARN_ENUM_CONVERSION = YES;
				CLANG_WARN_INFINITE_RECURSION = YES;
				CLANG_WARN_INT_CONVERSION = YES;
				CLANG_WARN_NON_LITERAL_NULL_CONVERSION = YES;
				CLANG_WARN_OBJC_IMPLICIT_RETAIN_SELF = YES;
				CLANG_WARN_OBJC_LITERAL_CONVERSION = YES;
				CLANG_WARN_OBJC_ROOT_CLASS = YES_ERROR;
				CLANG_WARN_QUOTED_INCLUDE_IN_FRAMEWORK_HEADER = YES;
				CLANG_WARN_RANGE_LOOP_ANALYSIS = YES;
				CLANG_WARN_STRICT_PROTOTYPES = YES;
				CLANG_WARN_SUSPICIOUS_MOVE = YES;
				CLANG_WARN_UNGUARDED_AVAILABILITY = YES_AGGRESSIVE;
				CLANG_WARN_UNREACHABLE_CODE = YES;
				CLANG_WARN__DUPLICATE_METHOD_MATCH = YES;
				COPY_PHASE_STRIP = NO;
				DEBUG_INFORMATION_FORMAT = dwarf;
				ENABLE_STRICT_OBJC_MSGSEND = YES;
				ENABLE_TESTABILITY = YES;
				GCC_C_LANGUAGE_STANDARD = gnu11;
				GCC_DYNAMIC_NO_PIC = NO;
				GCC_NO_COMMON_BLOCKS = YES;
				GCC_OPTIMIZATION_LEVEL = 0;
				GCC_PREPROCESSOR_DEFINITIONS = (
					"DEBUG=1",
					"$(inherited)",
				);
				GCC_WARN_64_TO_32_BIT_CONVERSION = YES;
				GCC_WARN_ABOUT_RETURN_TYPE = YES_ERROR;
				GCC_WARN_UNDECLARED_SELECTOR = YES;
				GCC_WARN_UNINITIALIZED_AUTOS = YES_AGGRESSIVE;
				GCC_WARN_UNUSED_FUNCTION = YES;
				GCC_WARN_UNUSED_VARIABLE = YES;
				IPHONEOS_DEPLOYMENT_TARGET = 16.4;
				MTL_ENABLE_DEBUG_INFO = INCLUDE_SOURCE;
				MTL_FAST_MATH = YES;
				ONLY_ACTIVE_ARCH = YES;
				SDKROOT = iphoneos;
				SWIFT_ACTIVE_COMPILATION_CONDITIONS = DEBUG;
				SWIFT_OPTIMIZATION_LEVEL = "-Onone";
			};
			name = Debug;
		};
		4DC2C9C72A4883C500F6A89C /* Release */ = {
			isa = XCBuildConfiguration;
			buildSettings = {
				ALWAYS_SEARCH_USER_PATHS = NO;
				CLANG_ANALYZER_NONNULL = YES;
				CLANG_ANALYZER_NUMBER_OBJECT_CONVERSION = YES_AGGRESSIVE;
				CLANG_CXX_LANGUAGE_STANDARD = "gnu++20";
				CLANG_ENABLE_MODULES = YES;
				CLANG_ENABLE_OBJC_ARC = YES;
				CLANG_ENABLE_OBJC_WEAK = YES;
				CLANG_WARN_BLOCK_CAPTURE_AUTORELEASING = YES;
				CLANG_WARN_BOOL_CONVERSION = YES;
				CLANG_WARN_COMMA = YES;
				CLANG_WARN_CONSTANT_CONVERSION = YES;
				CLANG_WARN_DEPRECATED_OBJC_IMPLEMENTATIONS = YES;
				CLANG_WARN_DIRECT_OBJC_ISA_USAGE = YES_ERROR;
				CLANG_WARN_DOCUMENTATION_COMMENTS = YES;
				CLANG_WARN_EMPTY_BODY = YES;
				CLANG_WARN_ENUM_CONVERSION = YES;
				CLANG_WARN_INFINITE_RECURSION = YES;
				CLANG_WARN_INT_CONVERSION = YES;
				CLANG_WARN_NON_LITERAL_NULL_CONVERSION = YES;
				CLANG_WARN_OBJC_IMPLICIT_RETAIN_SELF = YES;
				CLANG_WARN_OBJC_LITERAL_CONVERSION = YES;
				CLANG_WARN_OBJC_ROOT_CLASS = YES_ERROR;
				CLANG_WARN_QUOTED_INCLUDE_IN_FRAMEWORK_HEADER = YES;
				CLANG_WARN_RANGE_LOOP_ANALYSIS = YES;
				CLANG_WARN_STRICT_PROTOTYPES = YES;
				CLANG_WARN_SUSPICIOUS_MOVE = YES;
				CLANG_WARN_UNGUARDED_AVAILABILITY = YES_AGGRESSIVE;
				CLANG_WARN_UNREACHABLE_CODE = YES;
				CLANG_WARN__DUPLICATE_METHOD_MATCH = YES;
				COPY_PHASE_STRIP = NO;
				DEBUG_INFORMATION_FORMAT = "dwarf-with-dsym";
				ENABLE_NS_ASSERTIONS = NO;
				ENABLE_STRICT_OBJC_MSGSEND = YES;
				GCC_C_LANGUAGE_STANDARD = gnu11;
				GCC_NO_COMMON_BLOCKS = YES;
				GCC_WARN_64_TO_32_BIT_CONVERSION = YES;
				GCC_WARN_ABOUT_RETURN_TYPE = YES_ERROR;
				GCC_WARN_UNDECLARED_SELECTOR = YES;
				GCC_WARN_UNINITIALIZED_AUTOS = YES_AGGRESSIVE;
				GCC_WARN_UNUSED_FUNCTION = YES;
				GCC_WARN_UNUSED_VARIABLE = YES;
				IPHONEOS_DEPLOYMENT_TARGET = 16.4;
				MTL_ENABLE_DEBUG_INFO = NO;
				MTL_FAST_MATH = YES;
				SDKROOT = iphoneos;
				SWIFT_COMPILATION_MODE = wholemodule;
				SWIFT_OPTIMIZATION_LEVEL = "-O";
				VALIDATE_PRODUCT = YES;
			};
			name = Release;
		};
		4DC2C9C92A4883C500F6A89C /* Debug */ = {
			isa = XCBuildConfiguration;
			buildSettings = {
				ASSETCATALOG_COMPILER_APPICON_NAME = AppIcon;
				ASSETCATALOG_COMPILER_GLOBAL_ACCENT_COLOR_NAME = AccentColor;
				CODE_SIGN_STYLE = Automatic;
				CURRENT_PROJECT_VERSION = 1;
				DEVELOPMENT_TEAM = T823F5BWKX;
				GENERATE_INFOPLIST_FILE = YES;
				INFOPLIST_FILE = "Weekly Task-1/Info.plist";
				INFOPLIST_KEY_UIApplicationSupportsIndirectInputEvents = YES;
				INFOPLIST_KEY_UILaunchStoryboardName = LaunchScreen;
				INFOPLIST_KEY_UIMainStoryboardFile = Main;
				INFOPLIST_KEY_UISupportedInterfaceOrientations_iPad = "UIInterfaceOrientationPortrait UIInterfaceOrientationPortraitUpsideDown UIInterfaceOrientationLandscapeLeft UIInterfaceOrientationLandscapeRight";
				INFOPLIST_KEY_UISupportedInterfaceOrientations_iPhone = "UIInterfaceOrientationPortrait UIInterfaceOrientationLandscapeLeft UIInterfaceOrientationLandscapeRight";
				LD_RUNPATH_SEARCH_PATHS = (
					"$(inherited)",
					"@executable_path/Frameworks",
				);
				MARKETING_VERSION = 1.0;
				PRODUCT_BUNDLE_IDENTIFIER = "emreErdem.Weekly-Task-1";
				PRODUCT_NAME = "$(TARGET_NAME)";
				SWIFT_EMIT_LOC_STRINGS = YES;
				SWIFT_VERSION = 5.0;
				TARGETED_DEVICE_FAMILY = "1,2";
			};
			name = Debug;
		};
		4DC2C9CA2A4883C500F6A89C /* Release */ = {
			isa = XCBuildConfiguration;
			buildSettings = {
				ASSETCATALOG_COMPILER_APPICON_NAME = AppIcon;
				ASSETCATALOG_COMPILER_GLOBAL_ACCENT_COLOR_NAME = AccentColor;
				CODE_SIGN_STYLE = Automatic;
				CURRENT_PROJECT_VERSION = 1;
				DEVELOPMENT_TEAM = T823F5BWKX;
				GENERATE_INFOPLIST_FILE = YES;
				INFOPLIST_FILE = "Weekly Task-1/Info.plist";
				INFOPLIST_KEY_UIApplicationSupportsIndirectInputEvents = YES;
				INFOPLIST_KEY_UILaunchStoryboardName = LaunchScreen;
				INFOPLIST_KEY_UIMainStoryboardFile = Main;
				INFOPLIST_KEY_UISupportedInterfaceOrientations_iPad = "UIInterfaceOrientationPortrait UIInterfaceOrientationPortraitUpsideDown UIInterfaceOrientationLandscapeLeft UIInterfaceOrientationLandscapeRight";
				INFOPLIST_KEY_UISupportedInterfaceOrientations_iPhone = "UIInterfaceOrientationPortrait UIInterfaceOrientationLandscapeLeft UIInterfaceOrientationLandscapeRight";
				LD_RUNPATH_SEARCH_PATHS = (
					"$(inherited)",
					"@executable_path/Frameworks",
				);
				MARKETING_VERSION = 1.0;
				PRODUCT_BUNDLE_IDENTIFIER = "emreErdem.Weekly-Task-1";
				PRODUCT_NAME = "$(TARGET_NAME)";
				SWIFT_EMIT_LOC_STRINGS = YES;
				SWIFT_VERSION = 5.0;
				TARGETED_DEVICE_FAMILY = "1,2";
			};
			name = Release;
		};
		4DC2C9CC2A4883C500F6A89C /* Debug */ = {
			isa = XCBuildConfiguration;
			buildSettings = {
				ALWAYS_EMBED_SWIFT_STANDARD_LIBRARIES = YES;
				BUNDLE_LOADER = "$(TEST_HOST)";
				CODE_SIGN_STYLE = Automatic;
				CURRENT_PROJECT_VERSION = 1;
				DEVELOPMENT_TEAM = T823F5BWKX;
				GENERATE_INFOPLIST_FILE = YES;
				IPHONEOS_DEPLOYMENT_TARGET = 16.4;
				MARKETING_VERSION = 1.0;
				PRODUCT_BUNDLE_IDENTIFIER = "emreErdem.Weekly-Task-1Tests";
				PRODUCT_NAME = "$(TARGET_NAME)";
				SWIFT_EMIT_LOC_STRINGS = NO;
				SWIFT_VERSION = 5.0;
				TARGETED_DEVICE_FAMILY = "1,2";
				TEST_HOST = "$(BUILT_PRODUCTS_DIR)/Weekly Task-1.app/$(BUNDLE_EXECUTABLE_FOLDER_PATH)/Weekly Task-1";
			};
			name = Debug;
		};
		4DC2C9CD2A4883C500F6A89C /* Release */ = {
			isa = XCBuildConfiguration;
			buildSettings = {
				ALWAYS_EMBED_SWIFT_STANDARD_LIBRARIES = YES;
				BUNDLE_LOADER = "$(TEST_HOST)";
				CODE_SIGN_STYLE = Automatic;
				CURRENT_PROJECT_VERSION = 1;
				DEVELOPMENT_TEAM = T823F5BWKX;
				GENERATE_INFOPLIST_FILE = YES;
				IPHONEOS_DEPLOYMENT_TARGET = 16.4;
				MARKETING_VERSION = 1.0;
				PRODUCT_BUNDLE_IDENTIFIER = "emreErdem.Weekly-Task-1Tests";
				PRODUCT_NAME = "$(TARGET_NAME)";
				SWIFT_EMIT_LOC_STRINGS = NO;
				SWIFT_VERSION = 5.0;
				TARGETED_DEVICE_FAMILY = "1,2";
				TEST_HOST = "$(BUILT_PRODUCTS_DIR)/Weekly Task-1.app/$(BUNDLE_EXECUTABLE_FOLDER_PATH)/Weekly Task-1";
			};
			name = Release;
		};
		4DC2C9CF2A4883C500F6A89C /* Debug */ = {
			isa = XCBuildConfiguration;
			buildSettings = {
				ALWAYS_EMBED_SWIFT_STANDARD_LIBRARIES = YES;
				CODE_SIGN_STYLE = Automatic;
				CURRENT_PROJECT_VERSION = 1;
				DEVELOPMENT_TEAM = T823F5BWKX;
				GENERATE_INFOPLIST_FILE = YES;
				MARKETING_VERSION = 1.0;
				PRODUCT_BUNDLE_IDENTIFIER = "emreErdem.Weekly-Task-1UITests";
				PRODUCT_NAME = "$(TARGET_NAME)";
				SWIFT_EMIT_LOC_STRINGS = NO;
				SWIFT_VERSION = 5.0;
				TARGETED_DEVICE_FAMILY = "1,2";
				TEST_TARGET_NAME = "Weekly Task-1";
			};
			name = Debug;
		};
		4DC2C9D02A4883C500F6A89C /* Release */ = {
			isa = XCBuildConfiguration;
			buildSettings = {
				ALWAYS_EMBED_SWIFT_STANDARD_LIBRARIES = YES;
				CODE_SIGN_STYLE = Automatic;
				CURRENT_PROJECT_VERSION = 1;
				DEVELOPMENT_TEAM = T823F5BWKX;
				GENERATE_INFOPLIST_FILE = YES;
				MARKETING_VERSION = 1.0;
				PRODUCT_BUNDLE_IDENTIFIER = "emreErdem.Weekly-Task-1UITests";
				PRODUCT_NAME = "$(TARGET_NAME)";
				SWIFT_EMIT_LOC_STRINGS = NO;
				SWIFT_VERSION = 5.0;
				TARGETED_DEVICE_FAMILY = "1,2";
				TEST_TARGET_NAME = "Weekly Task-1";
			};
			name = Release;
		};
/* End XCBuildConfiguration section */

/* Begin XCConfigurationList section */
		4DC2C9992A4883C400F6A89C /* Build configuration list for PBXProject "Weekly Task-1" */ = {
			isa = XCConfigurationList;
			buildConfigurations = (
				4DC2C9C62A4883C500F6A89C /* Debug */,
				4DC2C9C72A4883C500F6A89C /* Release */,
			);
			defaultConfigurationIsVisible = 0;
			defaultConfigurationName = Release;
		};
		4DC2C9C82A4883C500F6A89C /* Build configuration list for PBXNativeTarget "Weekly Task-1" */ = {
			isa = XCConfigurationList;
			buildConfigurations = (
				4DC2C9C92A4883C500F6A89C /* Debug */,
				4DC2C9CA2A4883C500F6A89C /* Release */,
			);
			defaultConfigurationIsVisible = 0;
			defaultConfigurationName = Release;
		};
		4DC2C9CB2A4883C500F6A89C /* Build configuration list for PBXNativeTarget "Weekly Task-1Tests" */ = {
			isa = XCConfigurationList;
			buildConfigurations = (
				4DC2C9CC2A4883C500F6A89C /* Debug */,
				4DC2C9CD2A4883C500F6A89C /* Release */,
			);
			defaultConfigurationIsVisible = 0;
			defaultConfigurationName = Release;
		};
		4DC2C9CE2A4883C500F6A89C /* Build configuration list for PBXNativeTarget "Weekly Task-1UITests" */ = {
			isa = XCConfigurationList;
			buildConfigurations = (
				4DC2C9CF2A4883C500F6A89C /* Debug */,
				4DC2C9D02A4883C500F6A89C /* Release */,
			);
			defaultConfigurationIsVisible = 0;
			defaultConfigurationName = Release;
		};
/* End XCConfigurationList section */
	};
	rootObject = 4DC2C9962A4883C400F6A89C /* Project object */;
}
