// !$*UTF8*$!
{
	archiveVersion = 1;
	classes = {
	};
	objectVersion = 56;
	objects = {

/* Begin PBXBuildFile section */
		4D03EC5A2A36039500C44A43 /* AppDelegate.swift in Sources */ = {isa = PBXBuildFile; fileRef = 4D03EC592A36039500C44A43 /* AppDelegate.swift */; };
		4D03EC5C2A36039500C44A43 /* SceneDelegate.swift in Sources */ = {isa = PBXBuildFile; fileRef = 4D03EC5B2A36039500C44A43 /* SceneDelegate.swift */; };
		4D03EC5E2A36039500C44A43 /* ViewController.swift in Sources */ = {isa = PBXBuildFile; fileRef = 4D03EC5D2A36039500C44A43 /* ViewController.swift */; };
		4D03EC612A36039500C44A43 /* Main.storyboard in Resources */ = {isa = PBXBuildFile; fileRef = 4D03EC5F2A36039500C44A43 /* Main.storyboard */; };
		4D03EC632A36039600C44A43 /* Assets.xcassets in Resources */ = {isa = PBXBuildFile; fileRef = 4D03EC622A36039600C44A43 /* Assets.xcassets */; };
		4D03EC662A36039600C44A43 /* LaunchScreen.storyboard in Resources */ = {isa = PBXBuildFile; fileRef = 4D03EC642A36039600C44A43 /* LaunchScreen.storyboard */; };
		4D03EC712A36039600C44A43 /* I_m_RichTests.swift in Sources */ = {isa = PBXBuildFile; fileRef = 4D03EC702A36039600C44A43 /* I_m_RichTests.swift */; };
		4D03EC7B2A36039700C44A43 /* I_m_RichUITests.swift in Sources */ = {isa = PBXBuildFile; fileRef = 4D03EC7A2A36039700C44A43 /* I_m_RichUITests.swift */; };
		4D03EC7D2A36039700C44A43 /* I_m_RichUITestsLaunchTests.swift in Sources */ = {isa = PBXBuildFile; fileRef = 4D03EC7C2A36039700C44A43 /* I_m_RichUITestsLaunchTests.swift */; };
/* End PBXBuildFile section */

/* Begin PBXContainerItemProxy section */
		4D03EC6D2A36039600C44A43 /* PBXContainerItemProxy */ = {
			isa = PBXContainerItemProxy;
			containerPortal = 4D03EC4E2A36039500C44A43 /* Project object */;
			proxyType = 1;
			remoteGlobalIDString = 4D03EC552A36039500C44A43;
			remoteInfo = "I'm Rich";
		};
		4D03EC772A36039700C44A43 /* PBXContainerItemProxy */ = {
			isa = PBXContainerItemProxy;
			containerPortal = 4D03EC4E2A36039500C44A43 /* Project object */;
			proxyType = 1;
			remoteGlobalIDString = 4D03EC552A36039500C44A43;
			remoteInfo = "I'm Rich";
		};
/* End PBXContainerItemProxy section */

/* Begin PBXFileReference section */
		4D03EC562A36039500C44A43 /* I'm Rich.app */ = {isa = PBXFileReference; explicitFileType = wrapper.application; includeInIndex = 0; path = "I'm Rich.app"; sourceTree = BUILT_PRODUCTS_DIR; };
		4D03EC592A36039500C44A43 /* AppDelegate.swift */ = {isa = PBXFileReference; lastKnownFileType = sourcecode.swift; path = AppDelegate.swift; sourceTree = "<group>"; };
		4D03EC5B2A36039500C44A43 /* SceneDelegate.swift */ = {isa = PBXFileReference; lastKnownFileType = sourcecode.swift; path = SceneDelegate.swift; sourceTree = "<group>"; };
		4D03EC5D2A36039500C44A43 /* ViewController.swift */ = {isa = PBXFileReference; lastKnownFileType = sourcecode.swift; path = ViewController.swift; sourceTree = "<group>"; };
		4D03EC602A36039500C44A43 /* Base */ = {isa = PBXFileReference; lastKnownFileType = file.storyboard; name = Base; path = Base.lproj/Main.storyboard; sourceTree = "<group>"; };
		4D03EC622A36039600C44A43 /* Assets.xcassets */ = {isa = PBXFileReference; lastKnownFileType = folder.assetcatalog; path = Assets.xcassets; sourceTree = "<group>"; };
		4D03EC652A36039600C44A43 /* Base */ = {isa = PBXFileReference; lastKnownFileType = file.storyboard; name = Base; path = Base.lproj/LaunchScreen.storyboard; sourceTree = "<group>"; };
		4D03EC672A36039600C44A43 /* Info.plist */ = {isa = PBXFileReference; lastKnownFileType = text.plist.xml; path = Info.plist; sourceTree = "<group>"; };
		4D03EC6C2A36039600C44A43 /* I'm RichTests.xctest */ = {isa = PBXFileReference; explicitFileType = wrapper.cfbundle; includeInIndex = 0; path = "I'm RichTests.xctest"; sourceTree = BUILT_PRODUCTS_DIR; };
		4D03EC702A36039600C44A43 /* I_m_RichTests.swift */ = {isa = PBXFileReference; lastKnownFileType = sourcecode.swift; path = I_m_RichTests.swift; sourceTree = "<group>"; };
		4D03EC762A36039700C44A43 /* I'm RichUITests.xctest */ = {isa = PBXFileReference; explicitFileType = wrapper.cfbundle; includeInIndex = 0; path = "I'm RichUITests.xctest"; sourceTree = BUILT_PRODUCTS_DIR; };
		4D03EC7A2A36039700C44A43 /* I_m_RichUITests.swift */ = {isa = PBXFileReference; lastKnownFileType = sourcecode.swift; path = I_m_RichUITests.swift; sourceTree = "<group>"; };
		4D03EC7C2A36039700C44A43 /* I_m_RichUITestsLaunchTests.swift */ = {isa = PBXFileReference; lastKnownFileType = sourcecode.swift; path = I_m_RichUITestsLaunchTests.swift; sourceTree = "<group>"; };
/* End PBXFileReference section */

/* Begin PBXFrameworksBuildPhase section */
		4D03EC532A36039500C44A43 /* Frameworks */ = {
			isa = PBXFrameworksBuildPhase;
			buildActionMask = 2147483647;
			files = (
			);
			runOnlyForDeploymentPostprocessing = 0;
		};
		4D03EC692A36039600C44A43 /* Frameworks */ = {
			isa = PBXFrameworksBuildPhase;
			buildActionMask = 2147483647;
			files = (
			);
			runOnlyForDeploymentPostprocessing = 0;
		};
		4D03EC732A36039700C44A43 /* Frameworks */ = {
			isa = PBXFrameworksBuildPhase;
			buildActionMask = 2147483647;
			files = (
			);
			runOnlyForDeploymentPostprocessing = 0;
		};
/* End PBXFrameworksBuildPhase section */

/* Begin PBXGroup section */
		4D03EC4D2A36039500C44A43 = {
			isa = PBXGroup;
			children = (
				4D03EC582A36039500C44A43 /* I'm Rich */,
				4D03EC6F2A36039600C44A43 /* I'm RichTests */,
				4D03EC792A36039700C44A43 /* I'm RichUITests */,
				4D03EC572A36039500C44A43 /* Products */,
			);
			sourceTree = "<group>";
		};
		4D03EC572A36039500C44A43 /* Products */ = {
			isa = PBXGroup;
			children = (
				4D03EC562A36039500C44A43 /* I'm Rich.app */,
				4D03EC6C2A36039600C44A43 /* I'm RichTests.xctest */,
				4D03EC762A36039700C44A43 /* I'm RichUITests.xctest */,
			);
			name = Products;
			sourceTree = "<group>";
		};
		4D03EC582A36039500C44A43 /* I'm Rich */ = {
			isa = PBXGroup;
			children = (
				4D03EC592A36039500C44A43 /* AppDelegate.swift */,
				4D03EC5B2A36039500C44A43 /* SceneDelegate.swift */,
				4D03EC5D2A36039500C44A43 /* ViewController.swift */,
				4D03EC5F2A36039500C44A43 /* Main.storyboard */,
				4D03EC622A36039600C44A43 /* Assets.xcassets */,
				4D03EC642A36039600C44A43 /* LaunchScreen.storyboard */,
				4D03EC672A36039600C44A43 /* Info.plist */,
			);
			path = "I'm Rich";
			sourceTree = "<group>";
		};
		4D03EC6F2A36039600C44A43 /* I'm RichTests */ = {
			isa = PBXGroup;
			children = (
				4D03EC702A36039600C44A43 /* I_m_RichTests.swift */,
			);
			path = "I'm RichTests";
			sourceTree = "<group>";
		};
		4D03EC792A36039700C44A43 /* I'm RichUITests */ = {
			isa = PBXGroup;
			children = (
				4D03EC7A2A36039700C44A43 /* I_m_RichUITests.swift */,
				4D03EC7C2A36039700C44A43 /* I_m_RichUITestsLaunchTests.swift */,
			);
			path = "I'm RichUITests";
			sourceTree = "<group>";
		};
/* End PBXGroup section */

/* Begin PBXNativeTarget section */
		4D03EC552A36039500C44A43 /* I'm Rich */ = {
			isa = PBXNativeTarget;
			buildConfigurationList = 4D03EC802A36039700C44A43 /* Build configuration list for PBXNativeTarget "I'm Rich" */;
			buildPhases = (
				4D03EC522A36039500C44A43 /* Sources */,
				4D03EC532A36039500C44A43 /* Frameworks */,
				4D03EC542A36039500C44A43 /* Resources */,
			);
			buildRules = (
			);
			dependencies = (
			);
			name = "I'm Rich";
			productName = "I'm Rich";
			productReference = 4D03EC562A36039500C44A43 /* I'm Rich.app */;
			productType = "com.apple.product-type.application";
		};
		4D03EC6B2A36039600C44A43 /* I'm RichTests */ = {
			isa = PBXNativeTarget;
			buildConfigurationList = 4D03EC832A36039700C44A43 /* Build configuration list for PBXNativeTarget "I'm RichTests" */;
			buildPhases = (
				4D03EC682A36039600C44A43 /* Sources */,
				4D03EC692A36039600C44A43 /* Frameworks */,
				4D03EC6A2A36039600C44A43 /* Resources */,
			);
			buildRules = (
			);
			dependencies = (
				4D03EC6E2A36039600C44A43 /* PBXTargetDependency */,
			);
			name = "I'm RichTests";
			productName = "I'm RichTests";
			productReference = 4D03EC6C2A36039600C44A43 /* I'm RichTests.xctest */;
			productType = "com.apple.product-type.bundle.unit-test";
		};
		4D03EC752A36039700C44A43 /* I'm RichUITests */ = {
			isa = PBXNativeTarget;
			buildConfigurationList = 4D03EC862A36039700C44A43 /* Build configuration list for PBXNativeTarget "I'm RichUITests" */;
			buildPhases = (
				4D03EC722A36039700C44A43 /* Sources */,
				4D03EC732A36039700C44A43 /* Frameworks */,
				4D03EC742A36039700C44A43 /* Resources */,
			);
			buildRules = (
			);
			dependencies = (
				4D03EC782A36039700C44A43 /* PBXTargetDependency */,
			);
			name = "I'm RichUITests";
			productName = "I'm RichUITests";
			productReference = 4D03EC762A36039700C44A43 /* I'm RichUITests.xctest */;
			productType = "com.apple.product-type.bundle.ui-testing";
		};
/* End PBXNativeTarget section */

/* Begin PBXProject section */
		4D03EC4E2A36039500C44A43 /* Project object */ = {
			isa = PBXProject;
			attributes = {
				BuildIndependentTargetsInParallel = 1;
				LastSwiftUpdateCheck = 1430;
				LastUpgradeCheck = 1430;
				TargetAttributes = {
					4D03EC552A36039500C44A43 = {
						CreatedOnToolsVersion = 14.3.1;
					};
					4D03EC6B2A36039600C44A43 = {
						CreatedOnToolsVersion = 14.3.1;
						TestTargetID = 4D03EC552A36039500C44A43;
					};
					4D03EC752A36039700C44A43 = {
						CreatedOnToolsVersion = 14.3.1;
						TestTargetID = 4D03EC552A36039500C44A43;
					};
				};
			};
			buildConfigurationList = 4D03EC512A36039500C44A43 /* Build configuration list for PBXProject "I'm Rich" */;
			compatibilityVersion = "Xcode 14.0";
			developmentRegion = en;
			hasScannedForEncodings = 0;
			knownRegions = (
				en,
				Base,
			);
			mainGroup = 4D03EC4D2A36039500C44A43;
			productRefGroup = 4D03EC572A36039500C44A43 /* Products */;
			projectDirPath = "";
			projectRoot = "";
			targets = (
				4D03EC552A36039500C44A43 /* I'm Rich */,
				4D03EC6B2A36039600C44A43 /* I'm RichTests */,
				4D03EC752A36039700C44A43 /* I'm RichUITests */,
			);
		};
/* End PBXProject section */

/* Begin PBXResourcesBuildPhase section */
		4D03EC542A36039500C44A43 /* Resources */ = {
			isa = PBXResourcesBuildPhase;
			buildActionMask = 2147483647;
			files = (
				4D03EC662A36039600C44A43 /* LaunchScreen.storyboard in Resources */,
				4D03EC632A36039600C44A43 /* Assets.xcassets in Resources */,
				4D03EC612A36039500C44A43 /* Main.storyboard in Resources */,
			);
			runOnlyForDeploymentPostprocessing = 0;
		};
		4D03EC6A2A36039600C44A43 /* Resources */ = {
			isa = PBXResourcesBuildPhase;
			buildActionMask = 2147483647;
			files = (
			);
			runOnlyForDeploymentPostprocessing = 0;
		};
		4D03EC742A36039700C44A43 /* Resources */ = {
			isa = PBXResourcesBuildPhase;
			buildActionMask = 2147483647;
			files = (
			);
			runOnlyForDeploymentPostprocessing = 0;
		};
/* End PBXResourcesBuildPhase section */

/* Begin PBXSourcesBuildPhase section */
		4D03EC522A36039500C44A43 /* Sources */ = {
			isa = PBXSourcesBuildPhase;
			buildActionMask = 2147483647;
			files = (
				4D03EC5E2A36039500C44A43 /* ViewController.swift in Sources */,
				4D03EC5A2A36039500C44A43 /* AppDelegate.swift in Sources */,
				4D03EC5C2A36039500C44A43 /* SceneDelegate.swift in Sources */,
			);
			runOnlyForDeploymentPostprocessing = 0;
		};
		4D03EC682A36039600C44A43 /* Sources */ = {
			isa = PBXSourcesBuildPhase;
			buildActionMask = 2147483647;
			files = (
				4D03EC712A36039600C44A43 /* I_m_RichTests.swift in Sources */,
			);
			runOnlyForDeploymentPostprocessing = 0;
		};
		4D03EC722A36039700C44A43 /* Sources */ = {
			isa = PBXSourcesBuildPhase;
			buildActionMask = 2147483647;
			files = (
				4D03EC7D2A36039700C44A43 /* I_m_RichUITestsLaunchTests.swift in Sources */,
				4D03EC7B2A36039700C44A43 /* I_m_RichUITests.swift in Sources */,
			);
			runOnlyForDeploymentPostprocessing = 0;
		};
/* End PBXSourcesBuildPhase section */

/* Begin PBXTargetDependency section */
		4D03EC6E2A36039600C44A43 /* PBXTargetDependency */ = {
			isa = PBXTargetDependency;
			target = 4D03EC552A36039500C44A43 /* I'm Rich */;
			targetProxy = 4D03EC6D2A36039600C44A43 /* PBXContainerItemProxy */;
		};
		4D03EC782A36039700C44A43 /* PBXTargetDependency */ = {
			isa = PBXTargetDependency;
			target = 4D03EC552A36039500C44A43 /* I'm Rich */;
			targetProxy = 4D03EC772A36039700C44A43 /* PBXContainerItemProxy */;
		};
/* End PBXTargetDependency section */

/* Begin PBXVariantGroup section */
		4D03EC5F2A36039500C44A43 /* Main.storyboard */ = {
			isa = PBXVariantGroup;
			children = (
				4D03EC602A36039500C44A43 /* Base */,
			);
			name = Main.storyboard;
			sourceTree = "<group>";
		};
		4D03EC642A36039600C44A43 /* LaunchScreen.storyboard */ = {
			isa = PBXVariantGroup;
			children = (
				4D03EC652A36039600C44A43 /* Base */,
			);
			name = LaunchScreen.storyboard;
			sourceTree = "<group>";
		};
/* End PBXVariantGroup section */

/* Begin XCBuildConfiguration section */
		4D03EC7E2A36039700C44A43 /* Debug */ = {
			isa = XCBuildConfiguration;
			buildSettings = {
				ALWAYS_SEARCH_USER_PATHS = NO;
				CLANG_ANALYZER_NONNULL = YES;
				CLANG_ANALYZER_NUMBER_OBJECT_CONVERSION = YES_AGGRESSIVE;
				CLANG_CXX_LANGUAGE_STANDARD = "gnu++20";
				CLANG_ENABLE_MODULES = YES;
				CLANG_ENABLE_OBJC_ARC = YES;
				CLANG_ENABLE_OBJC_WEAK = YES;
				CLANG_WARN_BLOCK_CAPTURE_AUTORELEASING = YES;
				CLANG_WARN_BOOL_CONVERSION = YES;
				CLANG_WARN_COMMA = YES;
				CLANG_WARN_CONSTANT_CONVERSION = YES;
				CLANG_WARN_DEPRECATED_OBJC_IMPLEMENTATIONS = YES;
				CLANG_WARN_DIRECT_OBJC_ISA_USAGE = YES_ERROR;
				CLANG_WARN_DOCUMENTATION_COMMENTS = YES;
				CLANG_WARN_EMPTY_BODY = YES;
				CLANG_WARN_ENUM_CONVERSION = YES;
				CLANG_WARN_INFINITE_RECURSION = YES;
				CLANG_WARN_INT_CONVERSION = YES;
				CLANG_WARN_NON_LITERAL_NULL_CONVERSION = YES;
				CLANG_WARN_OBJC_IMPLICIT_RETAIN_SELF = YES;
				CLANG_WARN_OBJC_LITERAL_CONVERSION = YES;
				CLANG_WARN_OBJC_ROOT_CLASS = YES_ERROR;
				CLANG_WARN_QUOTED_INCLUDE_IN_FRAMEWORK_HEADER = YES;
				CLANG_WARN_RANGE_LOOP_ANALYSIS = YES;
				CLANG_WARN_STRICT_PROTOTYPES = YES;
				CLANG_WARN_SUSPICIOUS_MOVE = YES;
				CLANG_WARN_UNGUARDED_AVAILABILITY = YES_AGGRESSIVE;
				CLANG_WARN_UNREACHABLE_CODE = YES;
				CLANG_WARN__DUPLICATE_METHOD_MATCH = YES;
				COPY_PHASE_STRIP = NO;
				DEBUG_INFORMATION_FORMAT = dwarf;
				ENABLE_STRICT_OBJC_MSGSEND = YES;
				ENABLE_TESTABILITY = YES;
				GCC_C_LANGUAGE_STANDARD = gnu11;
				GCC_DYNAMIC_NO_PIC = NO;
				GCC_NO_COMMON_BLOCKS = YES;
				GCC_OPTIMIZATION_LEVEL = 0;
				GCC_PREPROCESSOR_DEFINITIONS = (
					"DEBUG=1",
					"$(inherited)",
				);
				GCC_WARN_64_TO_32_BIT_CONVERSION = YES;
				GCC_WARN_ABOUT_RETURN_TYPE = YES_ERROR;
				GCC_WARN_UNDECLARED_SELECTOR = YES;
				GCC_WARN_UNINITIALIZED_AUTOS = YES_AGGRESSIVE;
				GCC_WARN_UNUSED_FUNCTION = YES;
				GCC_WARN_UNUSED_VARIABLE = YES;
				IPHONEOS_DEPLOYMENT_TARGET = 16.4;
				MTL_ENABLE_DEBUG_INFO = INCLUDE_SOURCE;
				MTL_FAST_MATH = YES;
				ONLY_ACTIVE_ARCH = YES;
				SDKROOT = iphoneos;
				SWIFT_ACTIVE_COMPILATION_CONDITIONS = DEBUG;
				SWIFT_OPTIMIZATION_LEVEL = "-Onone";
			};
			name = Debug;
		};
		4D03EC7F2A36039700C44A43 /* Release */ = {
			isa = XCBuildConfiguration;
			buildSettings = {
				ALWAYS_SEARCH_USER_PATHS = NO;
				CLANG_ANALYZER_NONNULL = YES;
				CLANG_ANALYZER_NUMBER_OBJECT_CONVERSION = YES_AGGRESSIVE;
				CLANG_CXX_LANGUAGE_STANDARD = "gnu++20";
				CLANG_ENABLE_MODULES = YES;
				CLANG_ENABLE_OBJC_ARC = YES;
				CLANG_ENABLE_OBJC_WEAK = YES;
				CLANG_WARN_BLOCK_CAPTURE_AUTORELEASING = YES;
				CLANG_WARN_BOOL_CONVERSION = YES;
				CLANG_WARN_COMMA = YES;
				CLANG_WARN_CONSTANT_CONVERSION = YES;
				CLANG_WARN_DEPRECATED_OBJC_IMPLEMENTATIONS = YES;
				CLANG_WARN_DIRECT_OBJC_ISA_USAGE = YES_ERROR;
				CLANG_WARN_DOCUMENTATION_COMMENTS = YES;
				CLANG_WARN_EMPTY_BODY = YES;
				CLANG_WARN_ENUM_CONVERSION = YES;
				CLANG_WARN_INFINITE_RECURSION = YES;
				CLANG_WARN_INT_CONVERSION = YES;
				CLANG_WARN_NON_LITERAL_NULL_CONVERSION = YES;
				CLANG_WARN_OBJC_IMPLICIT_RETAIN_SELF = YES;
				CLANG_WARN_OBJC_LITERAL_CONVERSION = YES;
				CLANG_WARN_OBJC_ROOT_CLASS = YES_ERROR;
				CLANG_WARN_QUOTED_INCLUDE_IN_FRAMEWORK_HEADER = YES;
				CLANG_WARN_RANGE_LOOP_ANALYSIS = YES;
				CLANG_WARN_STRICT_PROTOTYPES = YES;
				CLANG_WARN_SUSPICIOUS_MOVE = YES;
				CLANG_WARN_UNGUARDED_AVAILABILITY = YES_AGGRESSIVE;
				CLANG_WARN_UNREACHABLE_CODE = YES;
				CLANG_WARN__DUPLICATE_METHOD_MATCH = YES;
				COPY_PHASE_STRIP = NO;
				DEBUG_INFORMATION_FORMAT = "dwarf-with-dsym";
				ENABLE_NS_ASSERTIONS = NO;
				ENABLE_STRICT_OBJC_MSGSEND = YES;
				GCC_C_LANGUAGE_STANDARD = gnu11;
				GCC_NO_COMMON_BLOCKS = YES;
				GCC_WARN_64_TO_32_BIT_CONVERSION = YES;
				GCC_WARN_ABOUT_RETURN_TYPE = YES_ERROR;
				GCC_WARN_UNDECLARED_SELECTOR = YES;
				GCC_WARN_UNINITIALIZED_AUTOS = YES_AGGRESSIVE;
				GCC_WARN_UNUSED_FUNCTION = YES;
				GCC_WARN_UNUSED_VARIABLE = YES;
				IPHONEOS_DEPLOYMENT_TARGET = 16.4;
				MTL_ENABLE_DEBUG_INFO = NO;
				MTL_FAST_MATH = YES;
				SDKROOT = iphoneos;
				SWIFT_COMPILATION_MODE = wholemodule;
				SWIFT_OPTIMIZATION_LEVEL = "-O";
				VALIDATE_PRODUCT = YES;
			};
			name = Release;
		};
		4D03EC812A36039700C44A43 /* Debug */ = {
			isa = XCBuildConfiguration;
			buildSettings = {
				ASSETCATALOG_COMPILER_APPICON_NAME = AppIcon;
				ASSETCATALOG_COMPILER_GLOBAL_ACCENT_COLOR_NAME = AccentColor;
				CODE_SIGN_STYLE = Automatic;
				CURRENT_PROJECT_VERSION = 1;
				DEVELOPMENT_TEAM = T823F5BWKX;
				GENERATE_INFOPLIST_FILE = YES;
				INFOPLIST_FILE = "I'm Rich/Info.plist";
				INFOPLIST_KEY_UIApplicationSupportsIndirectInputEvents = YES;
				INFOPLIST_KEY_UILaunchStoryboardName = LaunchScreen;
				INFOPLIST_KEY_UIMainStoryboardFile = Main;
				INFOPLIST_KEY_UISupportedInterfaceOrientations_iPad = "UIInterfaceOrientationPortrait UIInterfaceOrientationPortraitUpsideDown UIInterfaceOrientationLandscapeLeft UIInterfaceOrientationLandscapeRight";
				INFOPLIST_KEY_UISupportedInterfaceOrientations_iPhone = "UIInterfaceOrientationPortrait UIInterfaceOrientationLandscapeLeft UIInterfaceOrientationLandscapeRight";
				LD_RUNPATH_SEARCH_PATHS = (
					"$(inherited)",
					"@executable_path/Frameworks",
				);
				MARKETING_VERSION = 1.0;
				PRODUCT_BUNDLE_IDENTIFIER = "emreErdem.I-m-Rich";
				PRODUCT_NAME = "$(TARGET_NAME)";
				SWIFT_EMIT_LOC_STRINGS = YES;
				SWIFT_VERSION = 5.0;
				TARGETED_DEVICE_FAMILY = "1,2";
			};
			name = Debug;
		};
		4D03EC822A36039700C44A43 /* Release */ = {
			isa = XCBuildConfiguration;
			buildSettings = {
				ASSETCATALOG_COMPILER_APPICON_NAME = AppIcon;
				ASSETCATALOG_COMPILER_GLOBAL_ACCENT_COLOR_NAME = AccentColor;
				CODE_SIGN_STYLE = Automatic;
				CURRENT_PROJECT_VERSION = 1;
				DEVELOPMENT_TEAM = T823F5BWKX;
				GENERATE_INFOPLIST_FILE = YES;
				INFOPLIST_FILE = "I'm Rich/Info.plist";
				INFOPLIST_KEY_UIApplicationSupportsIndirectInputEvents = YES;
				INFOPLIST_KEY_UILaunchStoryboardName = LaunchScreen;
				INFOPLIST_KEY_UIMainStoryboardFile = Main;
				INFOPLIST_KEY_UISupportedInterfaceOrientations_iPad = "UIInterfaceOrientationPortrait UIInterfaceOrientationPortraitUpsideDown UIInterfaceOrientationLandscapeLeft UIInterfaceOrientationLandscapeRight";
				INFOPLIST_KEY_UISupportedInterfaceOrientations_iPhone = "UIInterfaceOrientationPortrait UIInterfaceOrientationLandscapeLeft UIInterfaceOrientationLandscapeRight";
				LD_RUNPATH_SEARCH_PATHS = (
					"$(inherited)",
					"@executable_path/Frameworks",
				);
				MARKETING_VERSION = 1.0;
				PRODUCT_BUNDLE_IDENTIFIER = "emreErdem.I-m-Rich";
				PRODUCT_NAME = "$(TARGET_NAME)";
				SWIFT_EMIT_LOC_STRINGS = YES;
				SWIFT_VERSION = 5.0;
				TARGETED_DEVICE_FAMILY = "1,2";
			};
			name = Release;
		};
		4D03EC842A36039700C44A43 /* Debug */ = {
			isa = XCBuildConfiguration;
			buildSettings = {
				ALWAYS_EMBED_SWIFT_STANDARD_LIBRARIES = YES;
				BUNDLE_LOADER = "$(TEST_HOST)";
				CODE_SIGN_STYLE = Automatic;
				CURRENT_PROJECT_VERSION = 1;
				DEVELOPMENT_TEAM = T823F5BWKX;
				GENERATE_INFOPLIST_FILE = YES;
				IPHONEOS_DEPLOYMENT_TARGET = 16.4;
				MARKETING_VERSION = 1.0;
				PRODUCT_BUNDLE_IDENTIFIER = "emreErdem.I-m-RichTests";
				PRODUCT_NAME = "$(TARGET_NAME)";
				SWIFT_EMIT_LOC_STRINGS = NO;
				SWIFT_VERSION = 5.0;
				TARGETED_DEVICE_FAMILY = "1,2";
				TEST_HOST = "$(BUILT_PRODUCTS_DIR)/I'm Rich.app/$(BUNDLE_EXECUTABLE_FOLDER_PATH)/I'm Rich";
			};
			name = Debug;
		};
		4D03EC852A36039700C44A43 /* Release */ = {
			isa = XCBuildConfiguration;
			buildSettings = {
				ALWAYS_EMBED_SWIFT_STANDARD_LIBRARIES = YES;
				BUNDLE_LOADER = "$(TEST_HOST)";
				CODE_SIGN_STYLE = Automatic;
				CURRENT_PROJECT_VERSION = 1;
				DEVELOPMENT_TEAM = T823F5BWKX;
				GENERATE_INFOPLIST_FILE = YES;
				IPHONEOS_DEPLOYMENT_TARGET = 16.4;
				MARKETING_VERSION = 1.0;
				PRODUCT_BUNDLE_IDENTIFIER = "emreErdem.I-m-RichTests";
				PRODUCT_NAME = "$(TARGET_NAME)";
				SWIFT_EMIT_LOC_STRINGS = NO;
				SWIFT_VERSION = 5.0;
				TARGETED_DEVICE_FAMILY = "1,2";
				TEST_HOST = "$(BUILT_PRODUCTS_DIR)/I'm Rich.app/$(BUNDLE_EXECUTABLE_FOLDER_PATH)/I'm Rich";
			};
			name = Release;
		};
		4D03EC872A36039700C44A43 /* Debug */ = {
			isa = XCBuildConfiguration;
			buildSettings = {
				ALWAYS_EMBED_SWIFT_STANDARD_LIBRARIES = YES;
				CODE_SIGN_STYLE = Automatic;
				CURRENT_PROJECT_VERSION = 1;
				DEVELOPMENT_TEAM = T823F5BWKX;
				GENERATE_INFOPLIST_FILE = YES;
				MARKETING_VERSION = 1.0;
				PRODUCT_BUNDLE_IDENTIFIER = "emreErdem.I-m-RichUITests";
				PRODUCT_NAME = "$(TARGET_NAME)";
				SWIFT_EMIT_LOC_STRINGS = NO;
				SWIFT_VERSION = 5.0;
				TARGETED_DEVICE_FAMILY = "1,2";
				TEST_TARGET_NAME = "I'm Rich";
			};
			name = Debug;
		};
		4D03EC882A36039700C44A43 /* Release */ = {
			isa = XCBuildConfiguration;
			buildSettings = {
				ALWAYS_EMBED_SWIFT_STANDARD_LIBRARIES = YES;
				CODE_SIGN_STYLE = Automatic;
				CURRENT_PROJECT_VERSION = 1;
				DEVELOPMENT_TEAM = T823F5BWKX;
				GENERATE_INFOPLIST_FILE = YES;
				MARKETING_VERSION = 1.0;
				PRODUCT_BUNDLE_IDENTIFIER = "emreErdem.I-m-RichUITests";
				PRODUCT_NAME = "$(TARGET_NAME)";
				SWIFT_EMIT_LOC_STRINGS = NO;
				SWIFT_VERSION = 5.0;
				TARGETED_DEVICE_FAMILY = "1,2";
				TEST_TARGET_NAME = "I'm Rich";
			};
			name = Release;
		};
/* End XCBuildConfiguration section */

/* Begin XCConfigurationList section */
		4D03EC512A36039500C44A43 /* Build configuration list for PBXProject "I'm Rich" */ = {
			isa = XCConfigurationList;
			buildConfigurations = (
				4D03EC7E2A36039700C44A43 /* Debug */,
				4D03EC7F2A36039700C44A43 /* Release */,
			);
			defaultConfigurationIsVisible = 0;
			defaultConfigurationName = Release;
		};
		4D03EC802A36039700C44A43 /* Build configuration list for PBXNativeTarget "I'm Rich" */ = {
			isa = XCConfigurationList;
			buildConfigurations = (
				4D03EC812A36039700C44A43 /* Debug */,
				4D03EC822A36039700C44A43 /* Release */,
			);
			defaultConfigurationIsVisible = 0;
			defaultConfigurationName = Release;
		};
		4D03EC832A36039700C44A43 /* Build configuration list for PBXNativeTarget "I'm RichTests" */ = {
			isa = XCConfigurationList;
			buildConfigurations = (
				4D03EC842A36039700C44A43 /* Debug */,
				4D03EC852A36039700C44A43 /* Release */,
			);
			defaultConfigurationIsVisible = 0;
			defaultConfigurationName = Release;
		};
		4D03EC862A36039700C44A43 /* Build configuration list for PBXNativeTarget "I'm RichUITests" */ = {
			isa = XCConfigurationList;
			buildConfigurations = (
				4D03EC872A36039700C44A43 /* Debug */,
				4D03EC882A36039700C44A43 /* Release */,
			);
			defaultConfigurationIsVisible = 0;
			defaultConfigurationName = Release;
		};
/* End XCConfigurationList section */
	};
	rootObject = 4D03EC4E2A36039500C44A43 /* Project object */;
}
